
Microsoft Visual Studio Solution File, Format Version 12.00
# Visual Studio Version 16
VisualStudioVersion = 16.0.31515.178
MinimumVisualStudioVersion = 10.0.40219.1
Project("{FAE04EC0-301F-11D3-BF4B-00C04F79EFBC}") = "grakkitvideoserver", "grakkitvideoserver\grakkitvideoserver.csproj", "{52222450-909B-4C8B-9C07-CE6D75E10D6F}"
EndProject
Global
	GlobalSection(SolutionConfigurationPlatforms) = preSolution
		Debug|Any CPU = Debug|Any CPU
		Release|Any CPU = Release|Any CPU
	EndGlobalSection
	GlobalSection(ProjectConfigurationPlatforms) = postSolution
		{52222450-909B-4C8B-9C07-CE6D75E10D6F}.Debug|Any CPU.ActiveCfg = Debug|Any CPU
		{52222450-909B-4C8B-9C07-CE6D75E10D6F}.Debug|Any CPU.Build.0 = Debug|Any CPU
		{52222450-909B-4C8B-9C07-CE6D75E10D6F}.Release|Any CPU.ActiveCfg = Release|Any CPU
		{52222450-909B-4C8B-9C07-CE6D75E10D6F}.Release|Any CPU.Build.0 = Release|Any CPU
	EndGlobalSection
	GlobalSection(SolutionProperties) = preSolution
		HideSolutionNode = FALSE
	EndGlobalSection
	GlobalSection(ExtensibilityGlobals) = postSolution
		SolutionGuid = {124A0126-8BD3-4553-A043-5ECD1646F4AB}
	EndGlobalSection
EndGlobal
